{
  "active_styles": {},
  "agents": {},
  "output_root": "<HOME>/repo",
  "rules": {
    "python-style": {
      "clients_synced": [
        "cline"
      ],
      "hash": "sha256:71cf527116615e90",
      "hooks_installed": {},
      "output_files": {
        "cline": [
          ".clinerules/python-style.md"
        ]
      },
      "source": "local",
      "version": null,
      "warnings": []
    },
    "team-conventions": {
      "clients_synced": [
        "cline"
      ],
      "hash": "sha256:3422d58f397226a6",
      "hooks_installed": {},
      "output_files": {
        "cline": [
          ".clinerules/team-conventions.md"
        ]
      },
      "source": "local",
      "version": null,
      "warnings": []
    }
  },
  "scope": "project",
  "skills": {
    "code-review": {
      "clients_synced": [
        "cline"
      ],
      "hash": "sha256:e36e8219b920feb3",
      "hooks_installed": {},
      "output_files": {
        "cline": [
          ".clinerules/code-review.md"
        ]
      },
      "source": "local",
      "version": null,
      "warnings": []
    },
    "db-helper": {
      "clients_synced": [
        "cline"
      ],
      "hash": "sha256:15e34949b32ff5ee",
      "hooks_installed": {},
      "output_files": {
        "cline": [
          ".clinerules/db-helper.md"
        ]
      },
      "source": "local",
      "version": null,
      "warnings": [
        "cline: activation 'agent' downgraded to 'auto' (paths-based)"
      ]
    },
    "release-checklist": {
      "clients_synced": [
        "cline"
      ],
      "hash": "sha256:2d18e8c6c624a33a",
      "hooks_installed": {},
      "output_files": {
        "cline": [
          ".clinerules/release-checklist.md"
        ]
      },
      "source": "local",
      "version": null,
      "warnings": [
        "cline: activation 'manual' downgraded to 'always'"
      ]
    }
  },
  "styles": {},
  "synced_at": "<SYNCED_AT>",
  "version": 1
}
