{
  "active_styles": {},
  "agents": {},
  "output_root": "<HOME>",
  "rules": {
    "python-style": {
      "clients_synced": [
        "goose-cli"
      ],
      "hash": "sha256:71cf527116615e90",
      "hooks_installed": {},
      "output_files": {
        "goose-cli": [
          ".goose/rules/python-style.md"
        ]
      },
      "source": "local",
      "version": null,
      "warnings": []
    },
    "team-conventions": {
      "clients_synced": [
        "goose-cli"
      ],
      "hash": "sha256:3422d58f397226a6",
      "hooks_installed": {},
      "output_files": {
        "goose-cli": [
          ".goose/rules/team-conventions.md"
        ]
      },
      "source": "local",
      "version": null,
      "warnings": []
    }
  },
  "scope": "global",
  "skills": {
    "code-review": {
      "clients_synced": [
        "goose-cli"
      ],
      "hash": "sha256:e36e8219b920feb3",
      "hooks_installed": {},
      "output_files": {
        "goose-cli": [
          ".goose/skills/code-review/SKILL.md",
          ".goose/skills/code-review/modules/checklist.md",
          ".goose/skills/code-review/reference/glossary.txt"
        ]
      },
      "source": "local",
      "version": null,
      "warnings": []
    },
    "db-helper": {
      "clients_synced": [
        "goose-cli"
      ],
      "hash": "sha256:15e34949b32ff5ee",
      "hooks_installed": {},
      "output_files": {
        "goose-cli": [
          ".goose/skills/db-helper/SKILL.md"
        ]
      },
      "source": "local",
      "version": null,
      "warnings": []
    },
    "release-checklist": {
      "clients_synced": [
        "goose-cli"
      ],
      "hash": "sha256:2d18e8c6c624a33a",
      "hooks_installed": {},
      "output_files": {
        "goose-cli": [
          ".goose/skills/release-checklist/SKILL.md"
        ]
      },
      "source": "local",
      "version": null,
      "warnings": [
        "goose-cli: activation 'manual' downgraded to 'agent'"
      ]
    }
  },
  "styles": {},
  "synced_at": "<SYNCED_AT>",
  "version": 1
}
