{
  "active_styles": {},
  "agents": {
    "code-reviewer": {
      "clients_synced": [
        "codex-cli"
      ],
      "hash": "sha256:969ff45f7e299a13",
      "hooks_installed": {},
      "output_files": {
        "codex-cli": [
          ".codex/agents/code-reviewer.toml"
        ]
      },
      "source": "local",
      "version": null,
      "warnings": [
        "codex-cli: 'tools' field not supported in agent TOML, dropped"
      ]
    },
    "doc-writer": {
      "clients_synced": [
        "codex-cli"
      ],
      "hash": "sha256:0442360205b242f1",
      "hooks_installed": {},
      "output_files": {
        "codex-cli": [
          ".codex/agents/doc-writer.toml"
        ]
      },
      "source": "local",
      "version": null,
      "warnings": [
        "codex-cli: 'tools' field not supported in agent TOML, dropped"
      ]
    },
    "minimal": {
      "clients_synced": [
        "codex-cli"
      ],
      "hash": "sha256:dff0a596ea9ee09a",
      "hooks_installed": {},
      "output_files": {
        "codex-cli": [
          ".codex/agents/minimal.toml"
        ]
      },
      "source": "local",
      "version": null,
      "warnings": []
    }
  },
  "output_root": "",
  "rules": {},
  "scope": "",
  "skills": {},
  "styles": {},
  "synced_at": "<SYNCED_AT>",
  "version": 1
}
