{
  "active_styles": {},
  "agents": {},
  "output_root": "<HOME>/repo",
  "rules": {},
  "scope": "project",
  "skills": {
    "asset-lab": {
      "clients_synced": [
        "claude-code",
        "codex-cli"
      ],
      "hash": "sha256:c63d3dbeb0c8b2d5",
      "hooks_installed": {},
      "output_files": {
        "claude-code": [
          ".claude/skills/asset-lab/SKILL.md",
          ".claude/skills/asset-lab/modules/UPPER.MD",
          ".claude/skills/asset-lab/modules/a.md",
          ".claude/skills/asset-lab/modules/deep/nested/note.txt",
          ".claude/skills/asset-lab/reference/conf.yml",
          ".claude/skills/asset-lab/reference/data.json",
          ".claude/skills/asset-lab/reference/conf.yaml",
          ".claude/skills/asset-lab/templates/t.md",
          ".claude/skills/asset-lab/templates/.hidden.md",
          ".claude/skills/asset-lab/examples/run.sh",
          ".claude/skills/asset-lab/examples/run.bash",
          ".claude/skills/asset-lab/examples/e.py",
          ".claude/skills/asset-lab/assets/pic.webp",
          ".claude/skills/asset-lab/assets/img.jpeg",
          ".claude/skills/asset-lab/assets/logo.svg",
          ".claude/skills/asset-lab/scripts/helper.py"
        ],
        "codex-cli": [
          ".agents/skills/asset-lab/SKILL.md",
          ".agents/skills/asset-lab/modules/UPPER.MD",
          ".agents/skills/asset-lab/modules/a.md",
          ".agents/skills/asset-lab/modules/deep/nested/note.txt",
          ".agents/skills/asset-lab/reference/conf.yml",
          ".agents/skills/asset-lab/reference/data.json",
          ".agents/skills/asset-lab/reference/conf.yaml",
          ".agents/skills/asset-lab/templates/t.md",
          ".agents/skills/asset-lab/templates/.hidden.md",
          ".agents/skills/asset-lab/examples/run.sh",
          ".agents/skills/asset-lab/examples/run.bash",
          ".agents/skills/asset-lab/examples/e.py",
          ".agents/skills/asset-lab/assets/pic.webp",
          ".agents/skills/asset-lab/assets/img.jpeg",
          ".agents/skills/asset-lab/assets/logo.svg",
          ".agents/skills/asset-lab/scripts/helper.py"
        ]
      },
      "source": "local",
      "version": null,
      "warnings": []
    }
  },
  "styles": {},
  "synced_at": "<SYNCED_AT>",
  "version": 1
}
